
Microsoft Visual Studio Solution File, Format Version 12.00
# Visual Studio Version 17
VisualStudioVersion = 17.4.33213.308
MinimumVisualStudioVersion = 10.0.40219.1
Project("{FAE04EC0-301F-11D3-BF4B-00C04F79EFBC}") = "Lamda_Expression", "Lamda_Expression\Lamda_Expression.csproj", "{3E1B9A2F-E8FF-4A00-A1F8-3044CA55B357}"
EndProject
Global
	GlobalSection(SolutionConfigurationPlatforms) = preSolution
		Debug|Any CPU = Debug|Any CPU
		Release|Any CPU = Release|Any CPU
	EndGlobalSection
	GlobalSection(ProjectConfigurationPlatforms) = postSolution
		{3E1B9A2F-E8FF-4A00-A1F8-3044CA55B357}.Debug|Any CPU.ActiveCfg = Debug|Any CPU
		{3E1B9A2F-E8FF-4A00-A1F8-3044CA55B357}.Debug|Any CPU.Build.0 = Debug|Any CPU
		{3E1B9A2F-E8FF-4A00-A1F8-3044CA55B357}.Release|Any CPU.ActiveCfg = Release|Any CPU
		{3E1B9A2F-E8FF-4A00-A1F8-3044CA55B357}.Release|Any CPU.Build.0 = Release|Any CPU
	EndGlobalSection
	GlobalSection(SolutionProperties) = preSolution
		HideSolutionNode = FALSE
	EndGlobalSection
	GlobalSection(ExtensibilityGlobals) = postSolution
		SolutionGuid = {81F0B01D-361A-4EFC-BD30-D2A3932F9EC8}
	EndGlobalSection
EndGlobal
